
Microsoft Visual Studio Solution File, Format Version 12.00
# Visual Studio 15
VisualStudioVersion = 15.0.28307.705
MinimumVisualStudioVersion = 10.0.40219.1
Project("{2150E333-8FDC-42A3-9474-1A3956D46DE8}") = "HelloWorld", "HelloWorld", "{41355C31-F8E3-4EA2-99CA-C4600185421D}"
EndProject
Project("{2150E333-8FDC-42A3-9474-1A3956D46DE8}") = "1_Simple", "1_Simple", "{AC01E218-D69D-444F-A8E9-0347EE71DAE5}"
EndProject
Project("{8BC9CEB8-8B4A-11D0-8D11-00A0C91BC942}") = "HelloWorld_Client", "1_HelloWorld_Client\HelloWorld_Client.vcxproj", "{43556CEC-C787-4D2C-AA29-03873C7FDB2E}"
	ProjectSection(ProjectDependencies) = postProject
		{49065544-038F-4B63-8027-300553586C77} = {49065544-038F-4B63-8027-300553586C77}
	EndProjectSection
EndProject
Project("{8BC9CEB8-8B4A-11D0-8D11-00A0C91BC942}") = "HelloWorld_Server", "1_HelloWorld_Server\HelloWorld_Server.vcxproj", "{BD6DB69A-CD1B-45F1-8DBC-C063B62BE28D}"
	ProjectSection(ProjectDependencies) = postProject
		{49065544-038F-4B63-8027-300553586C77} = {49065544-038F-4B63-8027-300553586C77}
	EndProjectSection
EndProject
Project("{2150E333-8FDC-42A3-9474-1A3956D46DE8}") = "2_Callback", "2_Callback", "{5D2FAD21-67DC-4A85-87F5-01C09F16F445}"
EndProject
Project("{8BC9CEB8-8B4A-11D0-8D11-00A0C91BC942}") = "HelloWorld_Client_Callback", "2_HelloWorld_Client_Callback\HelloWorld_Client_Callback.vcxproj", "{1CC60822-1467-42B7-9155-89C466DE4523}"
	ProjectSection(ProjectDependencies) = postProject
		{49065544-038F-4B63-8027-300553586C77} = {49065544-038F-4B63-8027-300553586C77}
	EndProjectSection
EndProject
Project("{8BC9CEB8-8B4A-11D0-8D11-00A0C91BC942}") = "HelloWorld_Server_Callback", "2_HelloWorld_Server_Callback\HelloWorld_Server_Callback.vcxproj", "{B6F549E6-74D7-41A7-873E-225A1601C6A9}"
	ProjectSection(ProjectDependencies) = postProject
		{49065544-038F-4B63-8027-300553586C77} = {49065544-038F-4B63-8027-300553586C77}
	EndProjectSection
EndProject
Project("{2150E333-8FDC-42A3-9474-1A3956D46DE8}") = "3_Async", "3_Async", "{B15AC927-FDFA-43AA-A540-B408EBCC2822}"
EndProject
Project("{8BC9CEB8-8B4A-11D0-8D11-00A0C91BC942}") = "HelloWorld_Client_Async_1", "3_HelloWorld_Client_Async_1\HelloWorld_Client_Async_1.vcxproj", "{EC19E228-3DEE-4683-A95D-2E3FDB0DD5A2}"
	ProjectSection(ProjectDependencies) = postProject
		{49065544-038F-4B63-8027-300553586C77} = {49065544-038F-4B63-8027-300553586C77}
	EndProjectSection
EndProject
Project("{8BC9CEB8-8B4A-11D0-8D11-00A0C91BC942}") = "HelloWorld_Client_Async_2", "3_HelloWorld_Client_Async_2\HelloWorld_Client_Async_2.vcxproj", "{520264C5-99C8-467C-BC68-303C2FA8F9A4}"
	ProjectSection(ProjectDependencies) = postProject
		{49065544-038F-4B63-8027-300553586C77} = {49065544-038F-4B63-8027-300553586C77}
	EndProjectSection
EndProject
Project("{8BC9CEB8-8B4A-11D0-8D11-00A0C91BC942}") = "HelloWorld_Server_Async", "3_HelloWorld_Server_Async\HelloWorld_Server_Async.vcxproj", "{B318AB6A-DD40-4053-A23F-257CE84BF461}"
	ProjectSection(ProjectDependencies) = postProject
		{49065544-038F-4B63-8027-300553586C77} = {49065544-038F-4B63-8027-300553586C77}
	EndProjectSection
EndProject
Project("{2150E333-8FDC-42A3-9474-1A3956D46DE8}") = "4_Compression", "4_Compression", "{CD4E2A89-4852-4A82-BC1C-4D8A71E85E5C}"
EndProject
Project("{8BC9CEB8-8B4A-11D0-8D11-00A0C91BC942}") = "HelloWorld_Client_Compression", "4_HelloWorld_Client_Compression\HelloWorld_Client_Compression.vcxproj", "{9BD04D1F-7B8C-4DAE-B707-F1AC1F01EBCD}"
	ProjectSection(ProjectDependencies) = postProject
		{49065544-038F-4B63-8027-300553586C77} = {49065544-038F-4B63-8027-300553586C77}
	EndProjectSection
EndProject
Project("{8BC9CEB8-8B4A-11D0-8D11-00A0C91BC942}") = "HelloWorld_Server_Compression", "4_HelloWorld_Server_Compression\HelloWorld_Server_Compression.vcxproj", "{4344C277-6778-4FD5-8ED7-5CA35527C89C}"
	ProjectSection(ProjectDependencies) = postProject
		{49065544-038F-4B63-8027-300553586C77} = {49065544-038F-4B63-8027-300553586C77}
	EndProjectSection
EndProject
Project("{2150E333-8FDC-42A3-9474-1A3956D46DE8}") = "KeyValueStore", "KeyValueStore", "{300F5BCA-DC4C-4913-900D-FD6A9178D569}"
EndProject
Project("{2150E333-8FDC-42A3-9474-1A3956D46DE8}") = "7_KeyValueStore", "7_KeyValueStore", "{57394752-2EA3-43F5-B7A7-4A91952CFA58}"
EndProject
Project("{2150E333-8FDC-42A3-9474-1A3956D46DE8}") = "5_Load_Balancing", "5_Load_Balancing", "{F9C258DD-3591-4720-A081-168C7BE990FB}"
EndProject
Project("{8BC9CEB8-8B4A-11D0-8D11-00A0C91BC942}") = "HelloWorld_Client_Load_Balancing", "5_HelloWorld_Client_Load_Balancing\HelloWorld_Client_Load_Balancing.vcxproj", "{DD1F8F6A-9C73-4264-ABD6-928FA23B3A1D}"
	ProjectSection(ProjectDependencies) = postProject
		{49065544-038F-4B63-8027-300553586C77} = {49065544-038F-4B63-8027-300553586C77}
	EndProjectSection
EndProject
Project("{8BC9CEB8-8B4A-11D0-8D11-00A0C91BC942}") = "HelloWorld_Server_Load_Balancing", "5_HelloWorld_Server_Load_Balancing\HelloWorld_Server_Load_Balancing.vcxproj", "{CDFA72B0-56FD-4249-9E03-F2F24D11B81C}"
	ProjectSection(ProjectDependencies) = postProject
		{49065544-038F-4B63-8027-300553586C77} = {49065544-038F-4B63-8027-300553586C77}
	EndProjectSection
EndProject
Project("{2150E333-8FDC-42A3-9474-1A3956D46DE8}") = "6_Meta_Data", "6_Meta_Data", "{40DBF663-8FB8-4E5D-97A9-7F0560CCBA98}"
EndProject
Project("{8BC9CEB8-8B4A-11D0-8D11-00A0C91BC942}") = "HelloWorld_Client_Meta", "6_HelloWorld_Client_Meta\HelloWorld_Client_Meta.vcxproj", "{F3D1805F-0813-4211-B0CF-41CD026060A3}"
	ProjectSection(ProjectDependencies) = postProject
		{49065544-038F-4B63-8027-300553586C77} = {49065544-038F-4B63-8027-300553586C77}
	EndProjectSection
EndProject
Project("{8BC9CEB8-8B4A-11D0-8D11-00A0C91BC942}") = "HelloWorld_Server_Meta", "6_HelloWorld_Server_Meta\HelloWorld_Server_Meta.vcxproj", "{FBFFA065-684A-40F8-BA64-EC47D756D50F}"
	ProjectSection(ProjectDependencies) = postProject
		{49065544-038F-4B63-8027-300553586C77} = {49065544-038F-4B63-8027-300553586C77}
	EndProjectSection
EndProject
Project("{2150E333-8FDC-42A3-9474-1A3956D46DE8}") = "RouteGuide", "RouteGuide", "{69186F32-8A77-47E9-922F-68A095596269}"
EndProject
Project("{2150E333-8FDC-42A3-9474-1A3956D46DE8}") = "8_Simple", "8_Simple", "{3D623ED0-1D78-48C8-9444-9F0E668DFD33}"
EndProject
Project("{2150E333-8FDC-42A3-9474-1A3956D46DE8}") = "9_Callback", "9_Callback", "{B7689CCC-BDF3-43B0-9E38-C0D0A0E80878}"
EndProject
Project("{8BC9CEB8-8B4A-11D0-8D11-00A0C91BC942}") = "RouteGuide_Client", "8_Route_Guide_Client\RouteGuide_Client.vcxproj", "{4A7EFA9D-DB6B-4000-9656-8DC40748C77E}"
	ProjectSection(ProjectDependencies) = postProject
		{49065544-038F-4B63-8027-300553586C77} = {49065544-038F-4B63-8027-300553586C77}
	EndProjectSection
EndProject
Project("{8BC9CEB8-8B4A-11D0-8D11-00A0C91BC942}") = "RouteGuide_Server", "8_Route_Guide_Server\RouteGuide_Server.vcxproj", "{B304E4F0-6934-40DC-A4FF-064C7870E3C4}"
	ProjectSection(ProjectDependencies) = postProject
		{26074903-8985-4B20-A80B-02F82C8D01C1} = {26074903-8985-4B20-A80B-02F82C8D01C1}
		{49065544-038F-4B63-8027-300553586C77} = {49065544-038F-4B63-8027-300553586C77}
	EndProjectSection
EndProject
Project("{8BC9CEB8-8B4A-11D0-8D11-00A0C91BC942}") = "RouteGuide_Client_Callback", "9_Route_Guide_Client_Callback\RouteGuide_Client_Callback.vcxproj", "{E7D1DE87-0BE0-4479-AD16-DC880A1D9661}"
	ProjectSection(ProjectDependencies) = postProject
		{49065544-038F-4B63-8027-300553586C77} = {49065544-038F-4B63-8027-300553586C77}
	EndProjectSection
EndProject
Project("{8BC9CEB8-8B4A-11D0-8D11-00A0C91BC942}") = "RouteGuide_Server_Callback", "9_Route_Guide_Server_Callback\RouteGuide_Server_Callback.vcxproj", "{1A72B3FF-1EC2-49D7-B584-13246CCB71A8}"
	ProjectSection(ProjectDependencies) = postProject
		{26074903-8985-4B20-A80B-02F82C8D01C1} = {26074903-8985-4B20-A80B-02F82C8D01C1}
		{49065544-038F-4B63-8027-300553586C77} = {49065544-038F-4B63-8027-300553586C77}
	EndProjectSection
EndProject
Project("{2150E333-8FDC-42A3-9474-1A3956D46DE8}") = "HelperScripts", "HelperScripts", "{389B8E10-D689-4A52-840B-D2DF0CCE4B2F}"
EndProject
Project("{8BC9CEB8-8B4A-11D0-8D11-00A0C91BC942}") = "GenerateProtoFiles", "0_HelperScripts\0_GenerateProtoFiles\GenerateProtoFiles.vcxproj", "{49065544-038F-4B63-8027-300553586C77}"
EndProject
Project("{8BC9CEB8-8B4A-11D0-8D11-00A0C91BC942}") = "KeyValueStore_Client", "7_KeyValueStore_Client\KeyValueStore_Client.vcxproj", "{87B8B878-C124-4F3E-8218-8B2CFD4A1D10}"
	ProjectSection(ProjectDependencies) = postProject
		{49065544-038F-4B63-8027-300553586C77} = {49065544-038F-4B63-8027-300553586C77}
	EndProjectSection
EndProject
Project("{8BC9CEB8-8B4A-11D0-8D11-00A0C91BC942}") = "KeyValueStore_Server", "7_KeyValueStore_Server\KeyValueStore_Server.vcxproj", "{7EA776C6-05F3-4437-9666-C70FBC458B76}"
	ProjectSection(ProjectDependencies) = postProject
		{49065544-038F-4B63-8027-300553586C77} = {49065544-038F-4B63-8027-300553586C77}
	EndProjectSection
EndProject
Project("{8BC9CEB8-8B4A-11D0-8D11-00A0C91BC942}") = "CopyFiles", "0_HelperScripts\0_CopyFiles\CopyFiles.vcxproj", "{26074903-8985-4B20-A80B-02F82C8D01C1}"
EndProject
Global
	GlobalSection(SolutionConfigurationPlatforms) = preSolution
		Debug|x64 = Debug|x64
		Debug|x86 = Debug|x86
		Release|x64 = Release|x64
		Release|x86 = Release|x86
		RelWithDebInfo|x64 = RelWithDebInfo|x64
		RelWithDebInfo|x86 = RelWithDebInfo|x86
	EndGlobalSection
	GlobalSection(ProjectConfigurationPlatforms) = postSolution
		{43556CEC-C787-4D2C-AA29-03873C7FDB2E}.Debug|x64.ActiveCfg = Debug|x64
		{43556CEC-C787-4D2C-AA29-03873C7FDB2E}.Debug|x64.Build.0 = Debug|x64
		{43556CEC-C787-4D2C-AA29-03873C7FDB2E}.Debug|x86.ActiveCfg = Debug|Win32
		{43556CEC-C787-4D2C-AA29-03873C7FDB2E}.Debug|x86.Build.0 = Debug|Win32
		{43556CEC-C787-4D2C-AA29-03873C7FDB2E}.Release|x64.ActiveCfg = Release|x64
		{43556CEC-C787-4D2C-AA29-03873C7FDB2E}.Release|x64.Build.0 = Release|x64
		{43556CEC-C787-4D2C-AA29-03873C7FDB2E}.Release|x86.ActiveCfg = Release|Win32
		{43556CEC-C787-4D2C-AA29-03873C7FDB2E}.Release|x86.Build.0 = Release|Win32
		{43556CEC-C787-4D2C-AA29-03873C7FDB2E}.RelWithDebInfo|x64.ActiveCfg = RelWithDebInfo|x64
		{43556CEC-C787-4D2C-AA29-03873C7FDB2E}.RelWithDebInfo|x64.Build.0 = RelWithDebInfo|x64
		{43556CEC-C787-4D2C-AA29-03873C7FDB2E}.RelWithDebInfo|x86.ActiveCfg = RelWithDebInfo|Win32
		{43556CEC-C787-4D2C-AA29-03873C7FDB2E}.RelWithDebInfo|x86.Build.0 = RelWithDebInfo|Win32
		{BD6DB69A-CD1B-45F1-8DBC-C063B62BE28D}.Debug|x64.ActiveCfg = Debug|x64
		{BD6DB69A-CD1B-45F1-8DBC-C063B62BE28D}.Debug|x64.Build.0 = Debug|x64
		{BD6DB69A-CD1B-45F1-8DBC-C063B62BE28D}.Debug|x86.ActiveCfg = Debug|Win32
		{BD6DB69A-CD1B-45F1-8DBC-C063B62BE28D}.Debug|x86.Build.0 = Debug|Win32
		{BD6DB69A-CD1B-45F1-8DBC-C063B62BE28D}.Release|x64.ActiveCfg = Release|x64
		{BD6DB69A-CD1B-45F1-8DBC-C063B62BE28D}.Release|x64.Build.0 = Release|x64
		{BD6DB69A-CD1B-45F1-8DBC-C063B62BE28D}.Release|x86.ActiveCfg = Release|Win32
		{BD6DB69A-CD1B-45F1-8DBC-C063B62BE28D}.Release|x86.Build.0 = Release|Win32
		{BD6DB69A-CD1B-45F1-8DBC-C063B62BE28D}.RelWithDebInfo|x64.ActiveCfg = RelWithDebInfo|x64
		{BD6DB69A-CD1B-45F1-8DBC-C063B62BE28D}.RelWithDebInfo|x64.Build.0 = RelWithDebInfo|x64
		{BD6DB69A-CD1B-45F1-8DBC-C063B62BE28D}.RelWithDebInfo|x86.ActiveCfg = RelWithDebInfo|Win32
		{BD6DB69A-CD1B-45F1-8DBC-C063B62BE28D}.RelWithDebInfo|x86.Build.0 = RelWithDebInfo|Win32
		{1CC60822-1467-42B7-9155-89C466DE4523}.Debug|x64.ActiveCfg = Debug|x64
		{1CC60822-1467-42B7-9155-89C466DE4523}.Debug|x64.Build.0 = Debug|x64
		{1CC60822-1467-42B7-9155-89C466DE4523}.Debug|x86.ActiveCfg = Debug|Win32
		{1CC60822-1467-42B7-9155-89C466DE4523}.Debug|x86.Build.0 = Debug|Win32
		{1CC60822-1467-42B7-9155-89C466DE4523}.Release|x64.ActiveCfg = Release|x64
		{1CC60822-1467-42B7-9155-89C466DE4523}.Release|x64.Build.0 = Release|x64
		{1CC60822-1467-42B7-9155-89C466DE4523}.Release|x86.ActiveCfg = Release|Win32
		{1CC60822-1467-42B7-9155-89C466DE4523}.Release|x86.Build.0 = Release|Win32
		{1CC60822-1467-42B7-9155-89C466DE4523}.RelWithDebInfo|x64.ActiveCfg = RelWithDebInfo|x64
		{1CC60822-1467-42B7-9155-89C466DE4523}.RelWithDebInfo|x64.Build.0 = RelWithDebInfo|x64
		{1CC60822-1467-42B7-9155-89C466DE4523}.RelWithDebInfo|x86.ActiveCfg = RelWithDebInfo|Win32
		{1CC60822-1467-42B7-9155-89C466DE4523}.RelWithDebInfo|x86.Build.0 = RelWithDebInfo|Win32
		{B6F549E6-74D7-41A7-873E-225A1601C6A9}.Debug|x64.ActiveCfg = Debug|x64
		{B6F549E6-74D7-41A7-873E-225A1601C6A9}.Debug|x64.Build.0 = Debug|x64
		{B6F549E6-74D7-41A7-873E-225A1601C6A9}.Debug|x86.ActiveCfg = Debug|Win32
		{B6F549E6-74D7-41A7-873E-225A1601C6A9}.Debug|x86.Build.0 = Debug|Win32
		{B6F549E6-74D7-41A7-873E-225A1601C6A9}.Release|x64.ActiveCfg = Release|x64
		{B6F549E6-74D7-41A7-873E-225A1601C6A9}.Release|x64.Build.0 = Release|x64
		{B6F549E6-74D7-41A7-873E-225A1601C6A9}.Release|x86.ActiveCfg = Release|Win32
		{B6F549E6-74D7-41A7-873E-225A1601C6A9}.Release|x86.Build.0 = Release|Win32
		{B6F549E6-74D7-41A7-873E-225A1601C6A9}.RelWithDebInfo|x64.ActiveCfg = RelWithDebInfo|x64
		{B6F549E6-74D7-41A7-873E-225A1601C6A9}.RelWithDebInfo|x64.Build.0 = RelWithDebInfo|x64
		{B6F549E6-74D7-41A7-873E-225A1601C6A9}.RelWithDebInfo|x86.ActiveCfg = RelWithDebInfo|Win32
		{B6F549E6-74D7-41A7-873E-225A1601C6A9}.RelWithDebInfo|x86.Build.0 = RelWithDebInfo|Win32
		{EC19E228-3DEE-4683-A95D-2E3FDB0DD5A2}.Debug|x64.ActiveCfg = Debug|x64
		{EC19E228-3DEE-4683-A95D-2E3FDB0DD5A2}.Debug|x64.Build.0 = Debug|x64
		{EC19E228-3DEE-4683-A95D-2E3FDB0DD5A2}.Debug|x86.ActiveCfg = Debug|Win32
		{EC19E228-3DEE-4683-A95D-2E3FDB0DD5A2}.Debug|x86.Build.0 = Debug|Win32
		{EC19E228-3DEE-4683-A95D-2E3FDB0DD5A2}.Release|x64.ActiveCfg = Release|x64
		{EC19E228-3DEE-4683-A95D-2E3FDB0DD5A2}.Release|x64.Build.0 = Release|x64
		{EC19E228-3DEE-4683-A95D-2E3FDB0DD5A2}.Release|x86.ActiveCfg = Release|Win32
		{EC19E228-3DEE-4683-A95D-2E3FDB0DD5A2}.Release|x86.Build.0 = Release|Win32
		{EC19E228-3DEE-4683-A95D-2E3FDB0DD5A2}.RelWithDebInfo|x64.ActiveCfg = RelWithDebInfo|x64
		{EC19E228-3DEE-4683-A95D-2E3FDB0DD5A2}.RelWithDebInfo|x64.Build.0 = RelWithDebInfo|x64
		{EC19E228-3DEE-4683-A95D-2E3FDB0DD5A2}.RelWithDebInfo|x86.ActiveCfg = RelWithDebInfo|Win32
		{EC19E228-3DEE-4683-A95D-2E3FDB0DD5A2}.RelWithDebInfo|x86.Build.0 = RelWithDebInfo|Win32
		{520264C5-99C8-467C-BC68-303C2FA8F9A4}.Debug|x64.ActiveCfg = Debug|x64
		{520264C5-99C8-467C-BC68-303C2FA8F9A4}.Debug|x64.Build.0 = Debug|x64
		{520264C5-99C8-467C-BC68-303C2FA8F9A4}.Debug|x86.ActiveCfg = Debug|Win32
		{520264C5-99C8-467C-BC68-303C2FA8F9A4}.Debug|x86.Build.0 = Debug|Win32
		{520264C5-99C8-467C-BC68-303C2FA8F9A4}.Release|x64.ActiveCfg = Release|x64
		{520264C5-99C8-467C-BC68-303C2FA8F9A4}.Release|x64.Build.0 = Release|x64
		{520264C5-99C8-467C-BC68-303C2FA8F9A4}.Release|x86.ActiveCfg = Release|Win32
		{520264C5-99C8-467C-BC68-303C2FA8F9A4}.Release|x86.Build.0 = Release|Win32
		{520264C5-99C8-467C-BC68-303C2FA8F9A4}.RelWithDebInfo|x64.ActiveCfg = RelWithDebInfo|x64
		{520264C5-99C8-467C-BC68-303C2FA8F9A4}.RelWithDebInfo|x64.Build.0 = RelWithDebInfo|x64
		{520264C5-99C8-467C-BC68-303C2FA8F9A4}.RelWithDebInfo|x86.ActiveCfg = RelWithDebInfo|Win32
		{520264C5-99C8-467C-BC68-303C2FA8F9A4}.RelWithDebInfo|x86.Build.0 = RelWithDebInfo|Win32
		{B318AB6A-DD40-4053-A23F-257CE84BF461}.Debug|x64.ActiveCfg = Debug|x64
		{B318AB6A-DD40-4053-A23F-257CE84BF461}.Debug|x64.Build.0 = Debug|x64
		{B318AB6A-DD40-4053-A23F-257CE84BF461}.Debug|x86.ActiveCfg = Debug|Win32
		{B318AB6A-DD40-4053-A23F-257CE84BF461}.Debug|x86.Build.0 = Debug|Win32
		{B318AB6A-DD40-4053-A23F-257CE84BF461}.Release|x64.ActiveCfg = Release|x64
		{B318AB6A-DD40-4053-A23F-257CE84BF461}.Release|x64.Build.0 = Release|x64
		{B318AB6A-DD40-4053-A23F-257CE84BF461}.Release|x86.ActiveCfg = Release|Win32
		{B318AB6A-DD40-4053-A23F-257CE84BF461}.Release|x86.Build.0 = Release|Win32
		{B318AB6A-DD40-4053-A23F-257CE84BF461}.RelWithDebInfo|x64.ActiveCfg = RelWithDebInfo|x64
		{B318AB6A-DD40-4053-A23F-257CE84BF461}.RelWithDebInfo|x64.Build.0 = RelWithDebInfo|x64
		{B318AB6A-DD40-4053-A23F-257CE84BF461}.RelWithDebInfo|x86.ActiveCfg = RelWithDebInfo|Win32
		{B318AB6A-DD40-4053-A23F-257CE84BF461}.RelWithDebInfo|x86.Build.0 = RelWithDebInfo|Win32
		{9BD04D1F-7B8C-4DAE-B707-F1AC1F01EBCD}.Debug|x64.ActiveCfg = Debug|x64
		{9BD04D1F-7B8C-4DAE-B707-F1AC1F01EBCD}.Debug|x64.Build.0 = Debug|x64
		{9BD04D1F-7B8C-4DAE-B707-F1AC1F01EBCD}.Debug|x86.ActiveCfg = Debug|Win32
		{9BD04D1F-7B8C-4DAE-B707-F1AC1F01EBCD}.Debug|x86.Build.0 = Debug|Win32
		{9BD04D1F-7B8C-4DAE-B707-F1AC1F01EBCD}.Release|x64.ActiveCfg = Release|x64
		{9BD04D1F-7B8C-4DAE-B707-F1AC1F01EBCD}.Release|x64.Build.0 = Release|x64
		{9BD04D1F-7B8C-4DAE-B707-F1AC1F01EBCD}.Release|x86.ActiveCfg = Release|Win32
		{9BD04D1F-7B8C-4DAE-B707-F1AC1F01EBCD}.Release|x86.Build.0 = Release|Win32
		{9BD04D1F-7B8C-4DAE-B707-F1AC1F01EBCD}.RelWithDebInfo|x64.ActiveCfg = RelWithDebInfo|x64
		{9BD04D1F-7B8C-4DAE-B707-F1AC1F01EBCD}.RelWithDebInfo|x64.Build.0 = RelWithDebInfo|x64
		{9BD04D1F-7B8C-4DAE-B707-F1AC1F01EBCD}.RelWithDebInfo|x86.ActiveCfg = RelWithDebInfo|Win32
		{9BD04D1F-7B8C-4DAE-B707-F1AC1F01EBCD}.RelWithDebInfo|x86.Build.0 = RelWithDebInfo|Win32
		{4344C277-6778-4FD5-8ED7-5CA35527C89C}.Debug|x64.ActiveCfg = Debug|x64
		{4344C277-6778-4FD5-8ED7-5CA35527C89C}.Debug|x64.Build.0 = Debug|x64
		{4344C277-6778-4FD5-8ED7-5CA35527C89C}.Debug|x86.ActiveCfg = Debug|Win32
		{4344C277-6778-4FD5-8ED7-5CA35527C89C}.Debug|x86.Build.0 = Debug|Win32
		{4344C277-6778-4FD5-8ED7-5CA35527C89C}.Release|x64.ActiveCfg = Release|x64
		{4344C277-6778-4FD5-8ED7-5CA35527C89C}.Release|x64.Build.0 = Release|x64
		{4344C277-6778-4FD5-8ED7-5CA35527C89C}.Release|x86.ActiveCfg = Release|Win32
		{4344C277-6778-4FD5-8ED7-5CA35527C89C}.Release|x86.Build.0 = Release|Win32
		{4344C277-6778-4FD5-8ED7-5CA35527C89C}.RelWithDebInfo|x64.ActiveCfg = RelWithDebInfo|x64
		{4344C277-6778-4FD5-8ED7-5CA35527C89C}.RelWithDebInfo|x64.Build.0 = RelWithDebInfo|x64
		{4344C277-6778-4FD5-8ED7-5CA35527C89C}.RelWithDebInfo|x86.ActiveCfg = RelWithDebInfo|Win32
		{4344C277-6778-4FD5-8ED7-5CA35527C89C}.RelWithDebInfo|x86.Build.0 = RelWithDebInfo|Win32
		{DD1F8F6A-9C73-4264-ABD6-928FA23B3A1D}.Debug|x64.ActiveCfg = Debug|x64
		{DD1F8F6A-9C73-4264-ABD6-928FA23B3A1D}.Debug|x64.Build.0 = Debug|x64
		{DD1F8F6A-9C73-4264-ABD6-928FA23B3A1D}.Debug|x86.ActiveCfg = Debug|Win32
		{DD1F8F6A-9C73-4264-ABD6-928FA23B3A1D}.Debug|x86.Build.0 = Debug|Win32
		{DD1F8F6A-9C73-4264-ABD6-928FA23B3A1D}.Release|x64.ActiveCfg = Release|x64
		{DD1F8F6A-9C73-4264-ABD6-928FA23B3A1D}.Release|x64.Build.0 = Release|x64
		{DD1F8F6A-9C73-4264-ABD6-928FA23B3A1D}.Release|x86.ActiveCfg = Release|Win32
		{DD1F8F6A-9C73-4264-ABD6-928FA23B3A1D}.Release|x86.Build.0 = Release|Win32
		{DD1F8F6A-9C73-4264-ABD6-928FA23B3A1D}.RelWithDebInfo|x64.ActiveCfg = RelWithDebInfo|x64
		{DD1F8F6A-9C73-4264-ABD6-928FA23B3A1D}.RelWithDebInfo|x64.Build.0 = RelWithDebInfo|x64
		{DD1F8F6A-9C73-4264-ABD6-928FA23B3A1D}.RelWithDebInfo|x86.ActiveCfg = RelWithDebInfo|Win32
		{DD1F8F6A-9C73-4264-ABD6-928FA23B3A1D}.RelWithDebInfo|x86.Build.0 = RelWithDebInfo|Win32
		{CDFA72B0-56FD-4249-9E03-F2F24D11B81C}.Debug|x64.ActiveCfg = Debug|x64
		{CDFA72B0-56FD-4249-9E03-F2F24D11B81C}.Debug|x64.Build.0 = Debug|x64
		{CDFA72B0-56FD-4249-9E03-F2F24D11B81C}.Debug|x86.ActiveCfg = Debug|Win32
		{CDFA72B0-56FD-4249-9E03-F2F24D11B81C}.Debug|x86.Build.0 = Debug|Win32
		{CDFA72B0-56FD-4249-9E03-F2F24D11B81C}.Release|x64.ActiveCfg = Release|x64
		{CDFA72B0-56FD-4249-9E03-F2F24D11B81C}.Release|x64.Build.0 = Release|x64
		{CDFA72B0-56FD-4249-9E03-F2F24D11B81C}.Release|x86.ActiveCfg = Release|Win32
		{CDFA72B0-56FD-4249-9E03-F2F24D11B81C}.Release|x86.Build.0 = Release|Win32
		{CDFA72B0-56FD-4249-9E03-F2F24D11B81C}.RelWithDebInfo|x64.ActiveCfg = RelWithDebInfo|x64
		{CDFA72B0-56FD-4249-9E03-F2F24D11B81C}.RelWithDebInfo|x64.Build.0 = RelWithDebInfo|x64
		{CDFA72B0-56FD-4249-9E03-F2F24D11B81C}.RelWithDebInfo|x86.ActiveCfg = RelWithDebInfo|Win32
		{CDFA72B0-56FD-4249-9E03-F2F24D11B81C}.RelWithDebInfo|x86.Build.0 = RelWithDebInfo|Win32
		{F3D1805F-0813-4211-B0CF-41CD026060A3}.Debug|x64.ActiveCfg = Debug|x64
		{F3D1805F-0813-4211-B0CF-41CD026060A3}.Debug|x64.Build.0 = Debug|x64
		{F3D1805F-0813-4211-B0CF-41CD026060A3}.Debug|x86.ActiveCfg = Debug|Win32
		{F3D1805F-0813-4211-B0CF-41CD026060A3}.Debug|x86.Build.0 = Debug|Win32
		{F3D1805F-0813-4211-B0CF-41CD026060A3}.Release|x64.ActiveCfg = Release|x64
		{F3D1805F-0813-4211-B0CF-41CD026060A3}.Release|x64.Build.0 = Release|x64
		{F3D1805F-0813-4211-B0CF-41CD026060A3}.Release|x86.ActiveCfg = Release|Win32
		{F3D1805F-0813-4211-B0CF-41CD026060A3}.Release|x86.Build.0 = Release|Win32
		{F3D1805F-0813-4211-B0CF-41CD026060A3}.RelWithDebInfo|x64.ActiveCfg = RelWithDebInfo|x64
		{F3D1805F-0813-4211-B0CF-41CD026060A3}.RelWithDebInfo|x64.Build.0 = RelWithDebInfo|x64
		{F3D1805F-0813-4211-B0CF-41CD026060A3}.RelWithDebInfo|x86.ActiveCfg = RelWithDebInfo|Win32
		{F3D1805F-0813-4211-B0CF-41CD026060A3}.RelWithDebInfo|x86.Build.0 = RelWithDebInfo|Win32
		{FBFFA065-684A-40F8-BA64-EC47D756D50F}.Debug|x64.ActiveCfg = Debug|x64
		{FBFFA065-684A-40F8-BA64-EC47D756D50F}.Debug|x64.Build.0 = Debug|x64
		{FBFFA065-684A-40F8-BA64-EC47D756D50F}.Debug|x86.ActiveCfg = Debug|Win32
		{FBFFA065-684A-40F8-BA64-EC47D756D50F}.Debug|x86.Build.0 = Debug|Win32
		{FBFFA065-684A-40F8-BA64-EC47D756D50F}.Release|x64.ActiveCfg = Release|x64
		{FBFFA065-684A-40F8-BA64-EC47D756D50F}.Release|x64.Build.0 = Release|x64
		{FBFFA065-684A-40F8-BA64-EC47D756D50F}.Release|x86.ActiveCfg = Release|Win32
		{FBFFA065-684A-40F8-BA64-EC47D756D50F}.Release|x86.Build.0 = Release|Win32
		{FBFFA065-684A-40F8-BA64-EC47D756D50F}.RelWithDebInfo|x64.ActiveCfg = RelWithDebInfo|x64
		{FBFFA065-684A-40F8-BA64-EC47D756D50F}.RelWithDebInfo|x64.Build.0 = RelWithDebInfo|x64
		{FBFFA065-684A-40F8-BA64-EC47D756D50F}.RelWithDebInfo|x86.ActiveCfg = RelWithDebInfo|Win32
		{FBFFA065-684A-40F8-BA64-EC47D756D50F}.RelWithDebInfo|x86.Build.0 = RelWithDebInfo|Win32
		{4A7EFA9D-DB6B-4000-9656-8DC40748C77E}.Debug|x64.ActiveCfg = Debug|x64
		{4A7EFA9D-DB6B-4000-9656-8DC40748C77E}.Debug|x64.Build.0 = Debug|x64
		{4A7EFA9D-DB6B-4000-9656-8DC40748C77E}.Debug|x86.ActiveCfg = Debug|Win32
		{4A7EFA9D-DB6B-4000-9656-8DC40748C77E}.Debug|x86.Build.0 = Debug|Win32
		{4A7EFA9D-DB6B-4000-9656-8DC40748C77E}.Release|x64.ActiveCfg = Release|x64
		{4A7EFA9D-DB6B-4000-9656-8DC40748C77E}.Release|x64.Build.0 = Release|x64
		{4A7EFA9D-DB6B-4000-9656-8DC40748C77E}.Release|x86.ActiveCfg = Release|Win32
		{4A7EFA9D-DB6B-4000-9656-8DC40748C77E}.Release|x86.Build.0 = Release|Win32
		{4A7EFA9D-DB6B-4000-9656-8DC40748C77E}.RelWithDebInfo|x64.ActiveCfg = RelWithDebInfo|x64
		{4A7EFA9D-DB6B-4000-9656-8DC40748C77E}.RelWithDebInfo|x64.Build.0 = RelWithDebInfo|x64
		{4A7EFA9D-DB6B-4000-9656-8DC40748C77E}.RelWithDebInfo|x86.ActiveCfg = RelWithDebInfo|Win32
		{4A7EFA9D-DB6B-4000-9656-8DC40748C77E}.RelWithDebInfo|x86.Build.0 = RelWithDebInfo|Win32
		{B304E4F0-6934-40DC-A4FF-064C7870E3C4}.Debug|x64.ActiveCfg = Debug|x64
		{B304E4F0-6934-40DC-A4FF-064C7870E3C4}.Debug|x64.Build.0 = Debug|x64
		{B304E4F0-6934-40DC-A4FF-064C7870E3C4}.Debug|x86.ActiveCfg = Debug|Win32
		{B304E4F0-6934-40DC-A4FF-064C7870E3C4}.Debug|x86.Build.0 = Debug|Win32
		{B304E4F0-6934-40DC-A4FF-064C7870E3C4}.Release|x64.ActiveCfg = Release|x64
		{B304E4F0-6934-40DC-A4FF-064C7870E3C4}.Release|x64.Build.0 = Release|x64
		{B304E4F0-6934-40DC-A4FF-064C7870E3C4}.Release|x86.ActiveCfg = Release|Win32
		{B304E4F0-6934-40DC-A4FF-064C7870E3C4}.Release|x86.Build.0 = Release|Win32
		{B304E4F0-6934-40DC-A4FF-064C7870E3C4}.RelWithDebInfo|x64.ActiveCfg = RelWithDebInfo|x64
		{B304E4F0-6934-40DC-A4FF-064C7870E3C4}.RelWithDebInfo|x64.Build.0 = RelWithDebInfo|x64
		{B304E4F0-6934-40DC-A4FF-064C7870E3C4}.RelWithDebInfo|x86.ActiveCfg = RelWithDebInfo|Win32
		{B304E4F0-6934-40DC-A4FF-064C7870E3C4}.RelWithDebInfo|x86.Build.0 = RelWithDebInfo|Win32
		{E7D1DE87-0BE0-4479-AD16-DC880A1D9661}.Debug|x64.ActiveCfg = Debug|x64
		{E7D1DE87-0BE0-4479-AD16-DC880A1D9661}.Debug|x64.Build.0 = Debug|x64
		{E7D1DE87-0BE0-4479-AD16-DC880A1D9661}.Debug|x86.ActiveCfg = Debug|Win32
		{E7D1DE87-0BE0-4479-AD16-DC880A1D9661}.Debug|x86.Build.0 = Debug|Win32
		{E7D1DE87-0BE0-4479-AD16-DC880A1D9661}.Release|x64.ActiveCfg = Release|x64
		{E7D1DE87-0BE0-4479-AD16-DC880A1D9661}.Release|x64.Build.0 = Release|x64
		{E7D1DE87-0BE0-4479-AD16-DC880A1D9661}.Release|x86.ActiveCfg = Release|Win32
		{E7D1DE87-0BE0-4479-AD16-DC880A1D9661}.Release|x86.Build.0 = Release|Win32
		{E7D1DE87-0BE0-4479-AD16-DC880A1D9661}.RelWithDebInfo|x64.ActiveCfg = RelWithDebInfo|x64
		{E7D1DE87-0BE0-4479-AD16-DC880A1D9661}.RelWithDebInfo|x64.Build.0 = RelWithDebInfo|x64
		{E7D1DE87-0BE0-4479-AD16-DC880A1D9661}.RelWithDebInfo|x86.ActiveCfg = RelWithDebInfo|Win32
		{E7D1DE87-0BE0-4479-AD16-DC880A1D9661}.RelWithDebInfo|x86.Build.0 = RelWithDebInfo|Win32
		{1A72B3FF-1EC2-49D7-B584-13246CCB71A8}.Debug|x64.ActiveCfg = Debug|x64
		{1A72B3FF-1EC2-49D7-B584-13246CCB71A8}.Debug|x64.Build.0 = Debug|x64
		{1A72B3FF-1EC2-49D7-B584-13246CCB71A8}.Debug|x86.ActiveCfg = Debug|Win32
		{1A72B3FF-1EC2-49D7-B584-13246CCB71A8}.Debug|x86.Build.0 = Debug|Win32
		{1A72B3FF-1EC2-49D7-B584-13246CCB71A8}.Release|x64.ActiveCfg = Release|x64
		{1A72B3FF-1EC2-49D7-B584-13246CCB71A8}.Release|x64.Build.0 = Release|x64
		{1A72B3FF-1EC2-49D7-B584-13246CCB71A8}.Release|x86.ActiveCfg = Release|Win32
		{1A72B3FF-1EC2-49D7-B584-13246CCB71A8}.Release|x86.Build.0 = Release|Win32
		{1A72B3FF-1EC2-49D7-B584-13246CCB71A8}.RelWithDebInfo|x64.ActiveCfg = RelWithDebInfo|x64
		{1A72B3FF-1EC2-49D7-B584-13246CCB71A8}.RelWithDebInfo|x64.Build.0 = RelWithDebInfo|x64
		{1A72B3FF-1EC2-49D7-B584-13246CCB71A8}.RelWithDebInfo|x86.ActiveCfg = RelWithDebInfo|Win32
		{1A72B3FF-1EC2-49D7-B584-13246CCB71A8}.RelWithDebInfo|x86.Build.0 = RelWithDebInfo|Win32
		{49065544-038F-4B63-8027-300553586C77}.Debug|x64.ActiveCfg = Debug|x64
		{49065544-038F-4B63-8027-300553586C77}.Debug|x64.Build.0 = Debug|x64
		{49065544-038F-4B63-8027-300553586C77}.Debug|x86.ActiveCfg = Debug|Win32
		{49065544-038F-4B63-8027-300553586C77}.Debug|x86.Build.0 = Debug|Win32
		{49065544-038F-4B63-8027-300553586C77}.Release|x64.ActiveCfg = Release|x64
		{49065544-038F-4B63-8027-300553586C77}.Release|x64.Build.0 = Release|x64
		{49065544-038F-4B63-8027-300553586C77}.Release|x86.ActiveCfg = Release|Win32
		{49065544-038F-4B63-8027-300553586C77}.Release|x86.Build.0 = Release|Win32
		{49065544-038F-4B63-8027-300553586C77}.RelWithDebInfo|x64.ActiveCfg = RelWithDebInfo|x64
		{49065544-038F-4B63-8027-300553586C77}.RelWithDebInfo|x64.Build.0 = RelWithDebInfo|x64
		{49065544-038F-4B63-8027-300553586C77}.RelWithDebInfo|x86.ActiveCfg = RelWithDebInfo|Win32
		{49065544-038F-4B63-8027-300553586C77}.RelWithDebInfo|x86.Build.0 = RelWithDebInfo|Win32
		{87B8B878-C124-4F3E-8218-8B2CFD4A1D10}.Debug|x64.ActiveCfg = Debug|x64
		{87B8B878-C124-4F3E-8218-8B2CFD4A1D10}.Debug|x64.Build.0 = Debug|x64
		{87B8B878-C124-4F3E-8218-8B2CFD4A1D10}.Debug|x86.ActiveCfg = Debug|Win32
		{87B8B878-C124-4F3E-8218-8B2CFD4A1D10}.Debug|x86.Build.0 = Debug|Win32
		{87B8B878-C124-4F3E-8218-8B2CFD4A1D10}.Release|x64.ActiveCfg = Release|x64
		{87B8B878-C124-4F3E-8218-8B2CFD4A1D10}.Release|x64.Build.0 = Release|x64
		{87B8B878-C124-4F3E-8218-8B2CFD4A1D10}.Release|x86.ActiveCfg = Release|Win32
		{87B8B878-C124-4F3E-8218-8B2CFD4A1D10}.Release|x86.Build.0 = Release|Win32
		{87B8B878-C124-4F3E-8218-8B2CFD4A1D10}.RelWithDebInfo|x64.ActiveCfg = RelWithDebInfo|x64
		{87B8B878-C124-4F3E-8218-8B2CFD4A1D10}.RelWithDebInfo|x64.Build.0 = RelWithDebInfo|x64
		{87B8B878-C124-4F3E-8218-8B2CFD4A1D10}.RelWithDebInfo|x86.ActiveCfg = RelWithDebInfo|Win32
		{87B8B878-C124-4F3E-8218-8B2CFD4A1D10}.RelWithDebInfo|x86.Build.0 = RelWithDebInfo|Win32
		{7EA776C6-05F3-4437-9666-C70FBC458B76}.Debug|x64.ActiveCfg = Debug|x64
		{7EA776C6-05F3-4437-9666-C70FBC458B76}.Debug|x64.Build.0 = Debug|x64
		{7EA776C6-05F3-4437-9666-C70FBC458B76}.Debug|x86.ActiveCfg = Debug|Win32
		{7EA776C6-05F3-4437-9666-C70FBC458B76}.Debug|x86.Build.0 = Debug|Win32
		{7EA776C6-05F3-4437-9666-C70FBC458B76}.Release|x64.ActiveCfg = Release|x64
		{7EA776C6-05F3-4437-9666-C70FBC458B76}.Release|x64.Build.0 = Release|x64
		{7EA776C6-05F3-4437-9666-C70FBC458B76}.Release|x86.ActiveCfg = Release|Win32
		{7EA776C6-05F3-4437-9666-C70FBC458B76}.Release|x86.Build.0 = Release|Win32
		{7EA776C6-05F3-4437-9666-C70FBC458B76}.RelWithDebInfo|x64.ActiveCfg = RelWithDebInfo|x64
		{7EA776C6-05F3-4437-9666-C70FBC458B76}.RelWithDebInfo|x64.Build.0 = RelWithDebInfo|x64
		{7EA776C6-05F3-4437-9666-C70FBC458B76}.RelWithDebInfo|x86.ActiveCfg = RelWithDebInfo|Win32
		{7EA776C6-05F3-4437-9666-C70FBC458B76}.RelWithDebInfo|x86.Build.0 = RelWithDebInfo|Win32
		{26074903-8985-4B20-A80B-02F82C8D01C1}.Debug|x64.ActiveCfg = Debug|x64
		{26074903-8985-4B20-A80B-02F82C8D01C1}.Debug|x64.Build.0 = Debug|x64
		{26074903-8985-4B20-A80B-02F82C8D01C1}.Debug|x86.ActiveCfg = Debug|Win32
		{26074903-8985-4B20-A80B-02F82C8D01C1}.Debug|x86.Build.0 = Debug|Win32
		{26074903-8985-4B20-A80B-02F82C8D01C1}.Release|x64.ActiveCfg = Release|x64
		{26074903-8985-4B20-A80B-02F82C8D01C1}.Release|x64.Build.0 = Release|x64
		{26074903-8985-4B20-A80B-02F82C8D01C1}.Release|x86.ActiveCfg = Release|Win32
		{26074903-8985-4B20-A80B-02F82C8D01C1}.Release|x86.Build.0 = Release|Win32
		{26074903-8985-4B20-A80B-02F82C8D01C1}.RelWithDebInfo|x64.ActiveCfg = RelWithDebInfo|x64
		{26074903-8985-4B20-A80B-02F82C8D01C1}.RelWithDebInfo|x64.Build.0 = RelWithDebInfo|x64
		{26074903-8985-4B20-A80B-02F82C8D01C1}.RelWithDebInfo|x86.ActiveCfg = RelWithDebInfo|Win32
		{26074903-8985-4B20-A80B-02F82C8D01C1}.RelWithDebInfo|x86.Build.0 = RelWithDebInfo|Win32
	EndGlobalSection
	GlobalSection(SolutionProperties) = preSolution
		HideSolutionNode = FALSE
	EndGlobalSection
	GlobalSection(NestedProjects) = preSolution
		{AC01E218-D69D-444F-A8E9-0347EE71DAE5} = {41355C31-F8E3-4EA2-99CA-C4600185421D}
		{43556CEC-C787-4D2C-AA29-03873C7FDB2E} = {AC01E218-D69D-444F-A8E9-0347EE71DAE5}
		{BD6DB69A-CD1B-45F1-8DBC-C063B62BE28D} = {AC01E218-D69D-444F-A8E9-0347EE71DAE5}
		{5D2FAD21-67DC-4A85-87F5-01C09F16F445} = {41355C31-F8E3-4EA2-99CA-C4600185421D}
		{1CC60822-1467-42B7-9155-89C466DE4523} = {5D2FAD21-67DC-4A85-87F5-01C09F16F445}
		{B6F549E6-74D7-41A7-873E-225A1601C6A9} = {5D2FAD21-67DC-4A85-87F5-01C09F16F445}
		{B15AC927-FDFA-43AA-A540-B408EBCC2822} = {41355C31-F8E3-4EA2-99CA-C4600185421D}
		{EC19E228-3DEE-4683-A95D-2E3FDB0DD5A2} = {B15AC927-FDFA-43AA-A540-B408EBCC2822}
		{520264C5-99C8-467C-BC68-303C2FA8F9A4} = {B15AC927-FDFA-43AA-A540-B408EBCC2822}
		{B318AB6A-DD40-4053-A23F-257CE84BF461} = {B15AC927-FDFA-43AA-A540-B408EBCC2822}
		{CD4E2A89-4852-4A82-BC1C-4D8A71E85E5C} = {41355C31-F8E3-4EA2-99CA-C4600185421D}
		{9BD04D1F-7B8C-4DAE-B707-F1AC1F01EBCD} = {CD4E2A89-4852-4A82-BC1C-4D8A71E85E5C}
		{4344C277-6778-4FD5-8ED7-5CA35527C89C} = {CD4E2A89-4852-4A82-BC1C-4D8A71E85E5C}
		{57394752-2EA3-43F5-B7A7-4A91952CFA58} = {300F5BCA-DC4C-4913-900D-FD6A9178D569}
		{F9C258DD-3591-4720-A081-168C7BE990FB} = {41355C31-F8E3-4EA2-99CA-C4600185421D}
		{DD1F8F6A-9C73-4264-ABD6-928FA23B3A1D} = {F9C258DD-3591-4720-A081-168C7BE990FB}
		{CDFA72B0-56FD-4249-9E03-F2F24D11B81C} = {F9C258DD-3591-4720-A081-168C7BE990FB}
		{40DBF663-8FB8-4E5D-97A9-7F0560CCBA98} = {41355C31-F8E3-4EA2-99CA-C4600185421D}
		{F3D1805F-0813-4211-B0CF-41CD026060A3} = {40DBF663-8FB8-4E5D-97A9-7F0560CCBA98}
		{FBFFA065-684A-40F8-BA64-EC47D756D50F} = {40DBF663-8FB8-4E5D-97A9-7F0560CCBA98}
		{3D623ED0-1D78-48C8-9444-9F0E668DFD33} = {69186F32-8A77-47E9-922F-68A095596269}
		{B7689CCC-BDF3-43B0-9E38-C0D0A0E80878} = {69186F32-8A77-47E9-922F-68A095596269}
		{4A7EFA9D-DB6B-4000-9656-8DC40748C77E} = {3D623ED0-1D78-48C8-9444-9F0E668DFD33}
		{B304E4F0-6934-40DC-A4FF-064C7870E3C4} = {3D623ED0-1D78-48C8-9444-9F0E668DFD33}
		{E7D1DE87-0BE0-4479-AD16-DC880A1D9661} = {B7689CCC-BDF3-43B0-9E38-C0D0A0E80878}
		{1A72B3FF-1EC2-49D7-B584-13246CCB71A8} = {B7689CCC-BDF3-43B0-9E38-C0D0A0E80878}
		{49065544-038F-4B63-8027-300553586C77} = {389B8E10-D689-4A52-840B-D2DF0CCE4B2F}
		{87B8B878-C124-4F3E-8218-8B2CFD4A1D10} = {57394752-2EA3-43F5-B7A7-4A91952CFA58}
		{7EA776C6-05F3-4437-9666-C70FBC458B76} = {57394752-2EA3-43F5-B7A7-4A91952CFA58}
		{26074903-8985-4B20-A80B-02F82C8D01C1} = {389B8E10-D689-4A52-840B-D2DF0CCE4B2F}
	EndGlobalSection
	GlobalSection(ExtensibilityGlobals) = postSolution
		SolutionGuid = {813C7F37-2ECA-4960-93BF-BA454DDDA881}
	EndGlobalSection
EndGlobal
